
Microsoft Visual Studio Solution File, Format Version 12.00
# Visual Studio Version 17
VisualStudioVersion = 17.5.33530.505
MinimumVisualStudioVersion = 10.0.40219.1
Project("{FAE04EC0-301F-11D3-BF4B-00C04F79EFBC}") = "Darba_laika_uzskaite1", "Darba_laika_uzskaite1\Darba_laika_uzskaite1.csproj", "{084728F9-CFEB-4E35-819E-8A544DCE1ADD}"
EndProject
Global
	GlobalSection(SolutionConfigurationPlatforms) = preSolution
		Debug|Any CPU = Debug|Any CPU
		Release|Any CPU = Release|Any CPU
	EndGlobalSection
	GlobalSection(ProjectConfigurationPlatforms) = postSolution
		{084728F9-CFEB-4E35-819E-8A544DCE1ADD}.Debug|Any CPU.ActiveCfg = Debug|Any CPU
		{084728F9-CFEB-4E35-819E-8A544DCE1ADD}.Debug|Any CPU.Build.0 = Debug|Any CPU
		{084728F9-CFEB-4E35-819E-8A544DCE1ADD}.Release|Any CPU.ActiveCfg = Release|Any CPU
		{084728F9-CFEB-4E35-819E-8A544DCE1ADD}.Release|Any CPU.Build.0 = Release|Any CPU
	EndGlobalSection
	GlobalSection(SolutionProperties) = preSolution
		HideSolutionNode = FALSE
	EndGlobalSection
	GlobalSection(ExtensibilityGlobals) = postSolution
		SolutionGuid = {44EF3F9C-E657-43CD-A8B8-52B5624C6AB4}
	EndGlobalSection
EndGlobal
